
Microsoft Visual Studio Solution File, Format Version 12.00
# Visual Studio Version 16
VisualStudioVersion = 16.0.31729.503
MinimumVisualStudioVersion = 10.0.40219.1
Project("{9A19103F-16F7-4668-BE54-9A1E7A4F7556}") = "ManagedCode.Repository.Core", "ManagedCode.Repository.Core\ManagedCode.Repository.Core.csproj", "{1B494908-A80A-4EEE-97A7-ABDEAC3EC64F}"
EndProject
Project("{9A19103F-16F7-4668-BE54-9A1E7A4F7556}") = "ManagedCode.Repository.CosmosDB", "ManagedCode.Repository.CosmosDB\ManagedCode.Repository.CosmosDB.csproj", "{03EE6090-7D24-4FF8-97C9-BC7CDFD7E586}"
EndProject
Project("{9A19103F-16F7-4668-BE54-9A1E7A4F7556}") = "ManagedCode.Repository.AzureTable", "ManagedCode.Repository.AzureTable\ManagedCode.Repository.AzureTable.csproj", "{0D6304D1-911D-489E-A716-6CBD5D0FE05D}"
EndProject
Project("{9A19103F-16F7-4668-BE54-9A1E7A4F7556}") = "ManagedCode.Repository.Tests", "ManagedCode.Repository.Tests\ManagedCode.Repository.Tests.csproj", "{F9DA9E52-2DDF-40E3-B0A4-4EC7B118FE8F}"
EndProject
Project("{9A19103F-16F7-4668-BE54-9A1E7A4F7556}") = "ManagedCode.Repository.LiteDB", "ManagedCode.Repository.LiteDB\ManagedCode.Repository.LiteDB.csproj", "{29EB5A50-99E8-4D00-BDDA-3850331E419F}"
EndProject
Project("{9A19103F-16F7-4668-BE54-9A1E7A4F7556}") = "ManagedCode.Repository.SQLite", "ManagedCode.Repository.SQLite\ManagedCode.Repository.SQLite.csproj", "{125EE573-E094-46E3-8D66-01F29EFBCFEB}"
EndProject
Project("{9A19103F-16F7-4668-BE54-9A1E7A4F7556}") = "ManagedCode.Repository.MongoDB", "ManagedCode.Repository.MongoDB\ManagedCode.Repository.MongoDB.csproj", "{75A7F312-B448-4068-82C0-0512330ECAE8}"
EndProject
Project("{9A19103F-16F7-4668-BE54-9A1E7A4F7556}") = "ManagedCode.Repository.EntityFramework", "ManagedCode.Repository.EntityFramework\ManagedCode.Repository.EntityFramework.csproj", "{AAF548AD-1BCC-4BD3-AE93-2435B49F434D}"
EndProject
Project("{9A19103F-16F7-4668-BE54-9A1E7A4F7556}") = "ManagedCode.Repository.EntityFramework.MSSQL", "ManagedCode.Repository.EntityFramework.MSSQL\ManagedCode.Repository.EntityFramework.MSSQL.csproj", "{83E1071E-10B4-46C5-9138-EE88ABB58A08}"
EndProject
Project("{FAE04EC0-301F-11D3-BF4B-00C04F79EFBC}") = "ManagedCode.Repository.EntityFramework.PostgreSQL", "ManagedCode.Repository.EntityFramework.PostgreSQL\ManagedCode.Repository.EntityFramework.PostgreSQL.csproj", "{223BAA68-4FA6-4B41-B6C6-ECD6FEDD944A}"
EndProject
Project("{FAE04EC0-301F-11D3-BF4B-00C04F79EFBC}") = "ManagedCode.Repository.Realm", "ManagedCode.Repository.Realm\ManagedCode.Repository.Realm.csproj", "{5C40D806-7844-46A0-B183-8549D5EEB39F}"
EndProject
Global
	GlobalSection(SolutionConfigurationPlatforms) = preSolution
		Debug|Any CPU = Debug|Any CPU
		Release|Any CPU = Release|Any CPU
	EndGlobalSection
	GlobalSection(ProjectConfigurationPlatforms) = postSolution
		{1B494908-A80A-4EEE-97A7-ABDEAC3EC64F}.Debug|Any CPU.ActiveCfg = Debug|Any CPU
		{1B494908-A80A-4EEE-97A7-ABDEAC3EC64F}.Debug|Any CPU.Build.0 = Debug|Any CPU
		{1B494908-A80A-4EEE-97A7-ABDEAC3EC64F}.Release|Any CPU.ActiveCfg = Release|Any CPU
		{1B494908-A80A-4EEE-97A7-ABDEAC3EC64F}.Release|Any CPU.Build.0 = Release|Any CPU
		{03EE6090-7D24-4FF8-97C9-BC7CDFD7E586}.Debug|Any CPU.ActiveCfg = Debug|Any CPU
		{03EE6090-7D24-4FF8-97C9-BC7CDFD7E586}.Debug|Any CPU.Build.0 = Debug|Any CPU
		{03EE6090-7D24-4FF8-97C9-BC7CDFD7E586}.Release|Any CPU.ActiveCfg = Release|Any CPU
		{03EE6090-7D24-4FF8-97C9-BC7CDFD7E586}.Release|Any CPU.Build.0 = Release|Any CPU
		{0D6304D1-911D-489E-A716-6CBD5D0FE05D}.Debug|Any CPU.ActiveCfg = Debug|Any CPU
		{0D6304D1-911D-489E-A716-6CBD5D0FE05D}.Debug|Any CPU.Build.0 = Debug|Any CPU
		{0D6304D1-911D-489E-A716-6CBD5D0FE05D}.Release|Any CPU.ActiveCfg = Release|Any CPU
		{0D6304D1-911D-489E-A716-6CBD5D0FE05D}.Release|Any CPU.Build.0 = Release|Any CPU
		{F9DA9E52-2DDF-40E3-B0A4-4EC7B118FE8F}.Debug|Any CPU.ActiveCfg = Debug|Any CPU
		{F9DA9E52-2DDF-40E3-B0A4-4EC7B118FE8F}.Debug|Any CPU.Build.0 = Debug|Any CPU
		{F9DA9E52-2DDF-40E3-B0A4-4EC7B118FE8F}.Release|Any CPU.ActiveCfg = Release|Any CPU
		{F9DA9E52-2DDF-40E3-B0A4-4EC7B118FE8F}.Release|Any CPU.Build.0 = Release|Any CPU
		{29EB5A50-99E8-4D00-BDDA-3850331E419F}.Debug|Any CPU.ActiveCfg = Debug|Any CPU
		{29EB5A50-99E8-4D00-BDDA-3850331E419F}.Debug|Any CPU.Build.0 = Debug|Any CPU
		{29EB5A50-99E8-4D00-BDDA-3850331E419F}.Release|Any CPU.ActiveCfg = Release|Any CPU
		{29EB5A50-99E8-4D00-BDDA-3850331E419F}.Release|Any CPU.Build.0 = Release|Any CPU
		{125EE573-E094-46E3-8D66-01F29EFBCFEB}.Debug|Any CPU.ActiveCfg = Debug|Any CPU
		{125EE573-E094-46E3-8D66-01F29EFBCFEB}.Debug|Any CPU.Build.0 = Debug|Any CPU
		{125EE573-E094-46E3-8D66-01F29EFBCFEB}.Release|Any CPU.ActiveCfg = Release|Any CPU
		{125EE573-E094-46E3-8D66-01F29EFBCFEB}.Release|Any CPU.Build.0 = Release|Any CPU
		{75A7F312-B448-4068-82C0-0512330ECAE8}.Debug|Any CPU.ActiveCfg = Debug|Any CPU
		{75A7F312-B448-4068-82C0-0512330ECAE8}.Debug|Any CPU.Build.0 = Debug|Any CPU
		{75A7F312-B448-4068-82C0-0512330ECAE8}.Release|Any CPU.ActiveCfg = Release|Any CPU
		{75A7F312-B448-4068-82C0-0512330ECAE8}.Release|Any CPU.Build.0 = Release|Any CPU
		{AAF548AD-1BCC-4BD3-AE93-2435B49F434D}.Debug|Any CPU.ActiveCfg = Debug|Any CPU
		{AAF548AD-1BCC-4BD3-AE93-2435B49F434D}.Debug|Any CPU.Build.0 = Debug|Any CPU
		{AAF548AD-1BCC-4BD3-AE93-2435B49F434D}.Release|Any CPU.ActiveCfg = Release|Any CPU
		{AAF548AD-1BCC-4BD3-AE93-2435B49F434D}.Release|Any CPU.Build.0 = Release|Any CPU
		{83E1071E-10B4-46C5-9138-EE88ABB58A08}.Debug|Any CPU.ActiveCfg = Debug|Any CPU
		{83E1071E-10B4-46C5-9138-EE88ABB58A08}.Debug|Any CPU.Build.0 = Debug|Any CPU
		{83E1071E-10B4-46C5-9138-EE88ABB58A08}.Release|Any CPU.ActiveCfg = Release|Any CPU
		{83E1071E-10B4-46C5-9138-EE88ABB58A08}.Release|Any CPU.Build.0 = Release|Any CPU
		{223BAA68-4FA6-4B41-B6C6-ECD6FEDD944A}.Debug|Any CPU.ActiveCfg = Debug|Any CPU
		{223BAA68-4FA6-4B41-B6C6-ECD6FEDD944A}.Debug|Any CPU.Build.0 = Debug|Any CPU
		{223BAA68-4FA6-4B41-B6C6-ECD6FEDD944A}.Release|Any CPU.ActiveCfg = Release|Any CPU
		{223BAA68-4FA6-4B41-B6C6-ECD6FEDD944A}.Release|Any CPU.Build.0 = Release|Any CPU
		{5C40D806-7844-46A0-B183-8549D5EEB39F}.Debug|Any CPU.ActiveCfg = Debug|Any CPU
		{5C40D806-7844-46A0-B183-8549D5EEB39F}.Debug|Any CPU.Build.0 = Debug|Any CPU
		{5C40D806-7844-46A0-B183-8549D5EEB39F}.Release|Any CPU.ActiveCfg = Release|Any CPU
		{5C40D806-7844-46A0-B183-8549D5EEB39F}.Release|Any CPU.Build.0 = Release|Any CPU
	EndGlobalSection
	GlobalSection(SolutionProperties) = preSolution
		HideSolutionNode = FALSE
	EndGlobalSection
	GlobalSection(ExtensibilityGlobals) = postSolution
		SolutionGuid = {481455E7-0A98-4AB2-9F00-F32D40AB884D}
	EndGlobalSection
EndGlobal
